
Microsoft Visual Studio Solution File, Format Version 12.00
# Visual Studio 15
VisualStudioVersion = 15.0.28307.1169
MinimumVisualStudioVersion = 10.0.40219.1
Project("{FAE04EC0-301F-11D3-BF4B-00C04F79EFBC}") = "ABCNewsPaperPublisher.client", "ABCNewsPaperPublisher\ABCNewsPaperPublisher.client.csproj", "{1AC2B248-0C1F-44EC-9C76-043F03B43896}"
EndProject
Project("{FAE04EC0-301F-11D3-BF4B-00C04F79EFBC}") = "ABCNewsPaper.Entities", "ABCNewsPaper.Entities\ABCNewsPaper.Entities.csproj", "{D1FBC75F-B1FC-43D2-AD17-1BFA5F7111EC}"
EndProject
Project("{FAE04EC0-301F-11D3-BF4B-00C04F79EFBC}") = "ABCNewsPaper.BusinessLogicLayer", "ABCNewsPaper.BusinessLogicLayer\ABCNewsPaper.BusinessLogicLayer.csproj", "{5098572C-C9F6-40F0-B8BC-846C1AC8A984}"
EndProject
Project("{FAE04EC0-301F-11D3-BF4B-00C04F79EFBC}") = "ABCNewsPaper.SourceService", "ABCNewsPaper.SourceService\ABCNewsPaper.SourceService.csproj", "{B9527A51-938C-4071-BCEB-DB734A6A3563}"
EndProject
Project("{FAE04EC0-301F-11D3-BF4B-00C04F79EFBC}") = "ABCNewsPaper.UnitTest", "ABCNewsPaper.UnitTest\ABCNewsPaper.UnitTest.csproj", "{E17C4849-8810-4F02-96A6-612828862B0E}"
EndProject
Global
	GlobalSection(SolutionConfigurationPlatforms) = preSolution
		Debug|Any CPU = Debug|Any CPU
		Release|Any CPU = Release|Any CPU
	EndGlobalSection
	GlobalSection(ProjectConfigurationPlatforms) = postSolution
		{1AC2B248-0C1F-44EC-9C76-043F03B43896}.Debug|Any CPU.ActiveCfg = Debug|Any CPU
		{1AC2B248-0C1F-44EC-9C76-043F03B43896}.Debug|Any CPU.Build.0 = Debug|Any CPU
		{1AC2B248-0C1F-44EC-9C76-043F03B43896}.Release|Any CPU.ActiveCfg = Release|Any CPU
		{1AC2B248-0C1F-44EC-9C76-043F03B43896}.Release|Any CPU.Build.0 = Release|Any CPU
		{D1FBC75F-B1FC-43D2-AD17-1BFA5F7111EC}.Debug|Any CPU.ActiveCfg = Debug|Any CPU
		{D1FBC75F-B1FC-43D2-AD17-1BFA5F7111EC}.Debug|Any CPU.Build.0 = Debug|Any CPU
		{D1FBC75F-B1FC-43D2-AD17-1BFA5F7111EC}.Release|Any CPU.ActiveCfg = Release|Any CPU
		{D1FBC75F-B1FC-43D2-AD17-1BFA5F7111EC}.Release|Any CPU.Build.0 = Release|Any CPU
		{5098572C-C9F6-40F0-B8BC-846C1AC8A984}.Debug|Any CPU.ActiveCfg = Debug|Any CPU
		{5098572C-C9F6-40F0-B8BC-846C1AC8A984}.Debug|Any CPU.Build.0 = Debug|Any CPU
		{5098572C-C9F6-40F0-B8BC-846C1AC8A984}.Release|Any CPU.ActiveCfg = Release|Any CPU
		{5098572C-C9F6-40F0-B8BC-846C1AC8A984}.Release|Any CPU.Build.0 = Release|Any CPU
		{B9527A51-938C-4071-BCEB-DB734A6A3563}.Debug|Any CPU.ActiveCfg = Debug|Any CPU
		{B9527A51-938C-4071-BCEB-DB734A6A3563}.Debug|Any CPU.Build.0 = Debug|Any CPU
		{B9527A51-938C-4071-BCEB-DB734A6A3563}.Release|Any CPU.ActiveCfg = Release|Any CPU
		{B9527A51-938C-4071-BCEB-DB734A6A3563}.Release|Any CPU.Build.0 = Release|Any CPU
		{E17C4849-8810-4F02-96A6-612828862B0E}.Debug|Any CPU.ActiveCfg = Debug|Any CPU
		{E17C4849-8810-4F02-96A6-612828862B0E}.Debug|Any CPU.Build.0 = Debug|Any CPU
		{E17C4849-8810-4F02-96A6-612828862B0E}.Release|Any CPU.ActiveCfg = Release|Any CPU
		{E17C4849-8810-4F02-96A6-612828862B0E}.Release|Any CPU.Build.0 = Release|Any CPU
	EndGlobalSection
	GlobalSection(SolutionProperties) = preSolution
		HideSolutionNode = FALSE
	EndGlobalSection
	GlobalSection(ExtensibilityGlobals) = postSolution
		SolutionGuid = {DF54ED93-09AB-4F8C-BA6B-54F7017CFBE7}
	EndGlobalSection
EndGlobal
